
Microsoft Visual Studio Solution File, Format Version 12.00
# Visual Studio Version 17
VisualStudioVersion = 17.0.31903.59
MinimumVisualStudioVersion = 10.0.40219.1
Project("{FAE04EC0-301F-11D3-BF4B-00C04F79EFBC}") = "test2", "test2\test2.csproj", "{DB3DC3FA-9A5D-45AC-A659-ECD79AA038F3}"
EndProject
Project("{2150E333-8FDC-42A3-9474-1A3956D46DE8}") = "languages", "languages", "{79FD13AA-8212-4495-A58D-CBF517EB00C7}"
EndProject
Project("{2150E333-8FDC-42A3-9474-1A3956D46DE8}") = "csharp", "csharp", "{0DADEAF5-284F-403D-9614-76B50AF98559}"
EndProject
Project("{FAE04EC0-301F-11D3-BF4B-00C04F79EFBC}") = "CevioCasts", "languages\csharp\CevioCasts\CevioCasts.csproj", "{52BF462D-66A4-4B5B-9945-B7EDC41524CD}"
EndProject
Project("{2150E333-8FDC-42A3-9474-1A3956D46DE8}") = "tests", "tests", "{FF0FEE4A-4334-4D98-8873-CC62A1A37C7D}"
EndProject
Project("{FAE04EC0-301F-11D3-BF4B-00C04F79EFBC}") = "UpdateCheck", "tests\UpdateCheck\UpdateCheck.csproj", "{F7E7758D-E28B-459D-ACBE-DE78AF594AB2}"
EndProject
Project("{FAE04EC0-301F-11D3-BF4B-00C04F79EFBC}") = "CevioCasts.UpdateChecker", "languages\csharp\CevioCasts.UpdateChecker\CevioCasts.UpdateChecker.csproj", "{4B44E997-89E9-4E0C-8FD3-A059926CE007}"
EndProject
Project("{2150E333-8FDC-42A3-9474-1A3956D46DE8}") = "viewer", "viewer", "{63AE9FF6-FFC9-4D2A-9C36-D0BDB80BF3E9}"
EndProject
Project("{2150E333-8FDC-42A3-9474-1A3956D46DE8}") = "CastViewer", "CastViewer", "{DABA4146-2600-4C2C-974F-934F9D89B643}"
EndProject
Project("{FAE04EC0-301F-11D3-BF4B-00C04F79EFBC}") = "CastViewer.Core", "viewer\CastViewer\CastViewer.Core\CastViewer.Core.csproj", "{6401CAD1-98BB-44AD-9A25-ABB76D53BFB7}"
EndProject
Project("{FAE04EC0-301F-11D3-BF4B-00C04F79EFBC}") = "CastViewer", "viewer\CastViewer\CastViewer\CastViewer.csproj", "{4ACE5C06-354C-45F9-A57F-B74D6AC515D1}"
EndProject
Project("{FAE04EC0-301F-11D3-BF4B-00C04F79EFBC}") = "CastViewer.Browser", "viewer\CastViewer\CastViewer.Browser\CastViewer.Browser.csproj", "{DDD2BDDD-7DC8-48D8-9D53-13CD9DE5496B}"
EndProject
Project("{FAE04EC0-301F-11D3-BF4B-00C04F79EFBC}") = "CastViewer.Desktop", "viewer\CastViewer\CastViewer.Desktop\CastViewer.Desktop.csproj", "{BB3045B4-358F-4814-97D7-F431E26F196C}"
EndProject
Global
	GlobalSection(SolutionConfigurationPlatforms) = preSolution
		Debug|Any CPU = Debug|Any CPU
		Release|Any CPU = Release|Any CPU
	EndGlobalSection
	GlobalSection(SolutionProperties) = preSolution
		HideSolutionNode = FALSE
	EndGlobalSection
	GlobalSection(ProjectConfigurationPlatforms) = postSolution
		{DB3DC3FA-9A5D-45AC-A659-ECD79AA038F3}.Debug|Any CPU.ActiveCfg = Debug|Any CPU
		{DB3DC3FA-9A5D-45AC-A659-ECD79AA038F3}.Debug|Any CPU.Build.0 = Debug|Any CPU
		{DB3DC3FA-9A5D-45AC-A659-ECD79AA038F3}.Release|Any CPU.ActiveCfg = Release|Any CPU
		{DB3DC3FA-9A5D-45AC-A659-ECD79AA038F3}.Release|Any CPU.Build.0 = Release|Any CPU
		{52BF462D-66A4-4B5B-9945-B7EDC41524CD}.Debug|Any CPU.ActiveCfg = Debug|Any CPU
		{52BF462D-66A4-4B5B-9945-B7EDC41524CD}.Debug|Any CPU.Build.0 = Debug|Any CPU
		{52BF462D-66A4-4B5B-9945-B7EDC41524CD}.Release|Any CPU.ActiveCfg = Release|Any CPU
		{52BF462D-66A4-4B5B-9945-B7EDC41524CD}.Release|Any CPU.Build.0 = Release|Any CPU
		{F7E7758D-E28B-459D-ACBE-DE78AF594AB2}.Debug|Any CPU.ActiveCfg = Debug|Any CPU
		{F7E7758D-E28B-459D-ACBE-DE78AF594AB2}.Debug|Any CPU.Build.0 = Debug|Any CPU
		{F7E7758D-E28B-459D-ACBE-DE78AF594AB2}.Release|Any CPU.ActiveCfg = Release|Any CPU
		{F7E7758D-E28B-459D-ACBE-DE78AF594AB2}.Release|Any CPU.Build.0 = Release|Any CPU
		{4B44E997-89E9-4E0C-8FD3-A059926CE007}.Debug|Any CPU.ActiveCfg = Debug|Any CPU
		{4B44E997-89E9-4E0C-8FD3-A059926CE007}.Debug|Any CPU.Build.0 = Debug|Any CPU
		{4B44E997-89E9-4E0C-8FD3-A059926CE007}.Release|Any CPU.ActiveCfg = Release|Any CPU
		{4B44E997-89E9-4E0C-8FD3-A059926CE007}.Release|Any CPU.Build.0 = Release|Any CPU
		{6401CAD1-98BB-44AD-9A25-ABB76D53BFB7}.Debug|Any CPU.ActiveCfg = Debug|Any CPU
		{6401CAD1-98BB-44AD-9A25-ABB76D53BFB7}.Debug|Any CPU.Build.0 = Debug|Any CPU
		{6401CAD1-98BB-44AD-9A25-ABB76D53BFB7}.Release|Any CPU.ActiveCfg = Release|Any CPU
		{6401CAD1-98BB-44AD-9A25-ABB76D53BFB7}.Release|Any CPU.Build.0 = Release|Any CPU
		{4ACE5C06-354C-45F9-A57F-B74D6AC515D1}.Debug|Any CPU.ActiveCfg = Debug|Any CPU
		{4ACE5C06-354C-45F9-A57F-B74D6AC515D1}.Debug|Any CPU.Build.0 = Debug|Any CPU
		{4ACE5C06-354C-45F9-A57F-B74D6AC515D1}.Release|Any CPU.ActiveCfg = Release|Any CPU
		{4ACE5C06-354C-45F9-A57F-B74D6AC515D1}.Release|Any CPU.Build.0 = Release|Any CPU
		{DDD2BDDD-7DC8-48D8-9D53-13CD9DE5496B}.Debug|Any CPU.ActiveCfg = Debug|Any CPU
		{DDD2BDDD-7DC8-48D8-9D53-13CD9DE5496B}.Debug|Any CPU.Build.0 = Debug|Any CPU
		{DDD2BDDD-7DC8-48D8-9D53-13CD9DE5496B}.Release|Any CPU.ActiveCfg = Release|Any CPU
		{DDD2BDDD-7DC8-48D8-9D53-13CD9DE5496B}.Release|Any CPU.Build.0 = Release|Any CPU
		{BB3045B4-358F-4814-97D7-F431E26F196C}.Debug|Any CPU.ActiveCfg = Debug|Any CPU
		{BB3045B4-358F-4814-97D7-F431E26F196C}.Debug|Any CPU.Build.0 = Debug|Any CPU
		{BB3045B4-358F-4814-97D7-F431E26F196C}.Release|Any CPU.ActiveCfg = Release|Any CPU
		{BB3045B4-358F-4814-97D7-F431E26F196C}.Release|Any CPU.Build.0 = Release|Any CPU
	EndGlobalSection
	GlobalSection(NestedProjects) = preSolution
		{0DADEAF5-284F-403D-9614-76B50AF98559} = {79FD13AA-8212-4495-A58D-CBF517EB00C7}
		{52BF462D-66A4-4B5B-9945-B7EDC41524CD} = {0DADEAF5-284F-403D-9614-76B50AF98559}
		{F7E7758D-E28B-459D-ACBE-DE78AF594AB2} = {FF0FEE4A-4334-4D98-8873-CC62A1A37C7D}
		{4B44E997-89E9-4E0C-8FD3-A059926CE007} = {0DADEAF5-284F-403D-9614-76B50AF98559}
		{DABA4146-2600-4C2C-974F-934F9D89B643} = {63AE9FF6-FFC9-4D2A-9C36-D0BDB80BF3E9}
		{6401CAD1-98BB-44AD-9A25-ABB76D53BFB7} = {DABA4146-2600-4C2C-974F-934F9D89B643}
		{4ACE5C06-354C-45F9-A57F-B74D6AC515D1} = {DABA4146-2600-4C2C-974F-934F9D89B643}
		{DDD2BDDD-7DC8-48D8-9D53-13CD9DE5496B} = {DABA4146-2600-4C2C-974F-934F9D89B643}
		{BB3045B4-358F-4814-97D7-F431E26F196C} = {DABA4146-2600-4C2C-974F-934F9D89B643}
	EndGlobalSection
EndGlobal
